
Microsoft Visual Studio Solution File, Format Version 12.00
# Visual Studio Version 16
VisualStudioVersion = 16.0.30907.101
MinimumVisualStudioVersion = 10.0.40219.1
Project("{FAE04EC0-301F-11D3-BF4B-00C04F79EFBC}") = "Work_4", "Work_4\Work_4.csproj", "{B7B39692-E8B5-472B-9CDA-DF5B4C1829B2}"
EndProject
Global
	GlobalSection(SolutionConfigurationPlatforms) = preSolution
		Debug|Any CPU = Debug|Any CPU
		Release|Any CPU = Release|Any CPU
	EndGlobalSection
	GlobalSection(ProjectConfigurationPlatforms) = postSolution
		{B7B39692-E8B5-472B-9CDA-DF5B4C1829B2}.Debug|Any CPU.ActiveCfg = Debug|Any CPU
		{B7B39692-E8B5-472B-9CDA-DF5B4C1829B2}.Debug|Any CPU.Build.0 = Debug|Any CPU
		{B7B39692-E8B5-472B-9CDA-DF5B4C1829B2}.Release|Any CPU.ActiveCfg = Release|Any CPU
		{B7B39692-E8B5-472B-9CDA-DF5B4C1829B2}.Release|Any CPU.Build.0 = Release|Any CPU
	EndGlobalSection
	GlobalSection(SolutionProperties) = preSolution
		HideSolutionNode = FALSE
	EndGlobalSection
	GlobalSection(ExtensibilityGlobals) = postSolution
		SolutionGuid = {CFB13275-23F5-40D9-A1F1-0AECF1361BC8}
	EndGlobalSection
EndGlobal
