
Microsoft Visual Studio Solution File, Format Version 12.00
# Visual Studio Version 16
VisualStudioVersion = 16.0.30907.101
MinimumVisualStudioVersion = 10.0.40219.1
Project("{FAE04EC0-301F-11D3-BF4B-00C04F79EFBC}") = "Work_3", "Work_3\Work_3.csproj", "{6F8C5D98-AFB6-4AD6-BACA-666E535B6468}"
EndProject
Global
	GlobalSection(SolutionConfigurationPlatforms) = preSolution
		Debug|Any CPU = Debug|Any CPU
		Release|Any CPU = Release|Any CPU
	EndGlobalSection
	GlobalSection(ProjectConfigurationPlatforms) = postSolution
		{6F8C5D98-AFB6-4AD6-BACA-666E535B6468}.Debug|Any CPU.ActiveCfg = Debug|Any CPU
		{6F8C5D98-AFB6-4AD6-BACA-666E535B6468}.Debug|Any CPU.Build.0 = Debug|Any CPU
		{6F8C5D98-AFB6-4AD6-BACA-666E535B6468}.Release|Any CPU.ActiveCfg = Release|Any CPU
		{6F8C5D98-AFB6-4AD6-BACA-666E535B6468}.Release|Any CPU.Build.0 = Release|Any CPU
	EndGlobalSection
	GlobalSection(SolutionProperties) = preSolution
		HideSolutionNode = FALSE
	EndGlobalSection
	GlobalSection(ExtensibilityGlobals) = postSolution
		SolutionGuid = {45D3441C-4D8F-44A2-A05C-7298F259405D}
	EndGlobalSection
EndGlobal
